{
  "name": "pi-copilot-sidecar",
  "version": "0.0.0",
  "lockfileVersion": 3,
  "requires": true,
  "packages": {
    "": {
      "name": "pi-copilot-sidecar",
      "version": "0.0.0",
      "dependencies": {
        "pjsr-parser-server": "file:../../../EZ-suite-bsc/pjsr_parser"
      },
      "engines": {
        "node": ">=18.0.0"
      }
    },
    "../../../EZ-suite-bsc/pjsr_parser": {
      "name": "pjsr-parser-server",
      "version": "1.0.0",
      "license": "MIT",
      "dependencies": {
        "@anthropic-ai/sdk": "^0.27.0"
      },
      "bin": {
        "pjsr-server": "src/server.js"
      },
      "engines": {
        "node": ">=18.0.0"
      }
    },
    "node_modules/pjsr-parser-server": {
      "resolved": "../../../EZ-suite-bsc/pjsr_parser",
      "link": true
    }
  }
}
